
Microsoft Visual Studio Solution File, Format Version 12.00
# Visual Studio Version 17
VisualStudioVersion = 17.10.35004.147
MinimumVisualStudioVersion = 10.0.40219.1
Project("{FAE04EC0-301F-11D3-BF4B-00C04F79EFBC}") = "Portafolio", "Portafolio.csproj", "{AA543F8B-1154-4EBB-8784-3FFFACAACC84}"
EndProject
Global
	GlobalSection(SolutionConfigurationPlatforms) = preSolution
		Debug|Any CPU = Debug|Any CPU
		Release|Any CPU = Release|Any CPU
	EndGlobalSection
	GlobalSection(ProjectConfigurationPlatforms) = postSolution
		{AA543F8B-1154-4EBB-8784-3FFFACAACC84}.Debug|Any CPU.ActiveCfg = Debug|Any CPU
		{AA543F8B-1154-4EBB-8784-3FFFACAACC84}.Debug|Any CPU.Build.0 = Debug|Any CPU
		{AA543F8B-1154-4EBB-8784-3FFFACAACC84}.Release|Any CPU.ActiveCfg = Release|Any CPU
		{AA543F8B-1154-4EBB-8784-3FFFACAACC84}.Release|Any CPU.Build.0 = Release|Any CPU
	EndGlobalSection
	GlobalSection(SolutionProperties) = preSolution
		HideSolutionNode = FALSE
	EndGlobalSection
	GlobalSection(ExtensibilityGlobals) = postSolution
		SolutionGuid = {1568DF90-03F9-459E-98BE-F2687D29D8BC}
	EndGlobalSection
EndGlobal
